
Microsoft Visual Studio Solution File, Format Version 12.00
# Visual Studio Version 17
VisualStudioVersion = 17.3.32811.315
MinimumVisualStudioVersion = 10.0.40219.1
Project("{FAE04EC0-301F-11D3-BF4B-00C04F79EFBC}") = "Junk File Remover", "Junk File Remover\Junk File Remover.csproj", "{555C3A57-A561-46F8-B723-89E5E078EEC4}"
EndProject
Global
	GlobalSection(SolutionConfigurationPlatforms) = preSolution
		Debug|Any CPU = Debug|Any CPU
		Release|Any CPU = Release|Any CPU
	EndGlobalSection
	GlobalSection(ProjectConfigurationPlatforms) = postSolution
		{555C3A57-A561-46F8-B723-89E5E078EEC4}.Debug|Any CPU.ActiveCfg = Debug|Any CPU
		{555C3A57-A561-46F8-B723-89E5E078EEC4}.Debug|Any CPU.Build.0 = Debug|Any CPU
		{555C3A57-A561-46F8-B723-89E5E078EEC4}.Release|Any CPU.ActiveCfg = Release|Any CPU
		{555C3A57-A561-46F8-B723-89E5E078EEC4}.Release|Any CPU.Build.0 = Release|Any CPU
	EndGlobalSection
	GlobalSection(SolutionProperties) = preSolution
		HideSolutionNode = FALSE
	EndGlobalSection
	GlobalSection(ExtensibilityGlobals) = postSolution
		SolutionGuid = {960CA481-1473-421F-BE7F-E44BCD1A683D}
	EndGlobalSection
EndGlobal
